
Microsoft Visual Studio Solution File, Format Version 12.00
# Visual Studio 2010
Project("{8BC9CEB8-8B4A-11D0-8D11-00A0C91BC942}") = "Graphos", "Graphos\Graphos.vcxproj", "{7EEC6355-71B3-44EF-967C-44BF6A517ADC}"
	ProjectSection(ProjectDependencies) = postProject
		{E207B80E-7051-40C2-BCE1-43891B38058C} = {E207B80E-7051-40C2-BCE1-43891B38058C}
	EndProjectSection
EndProject
Project("{8BC9CEB8-8B4A-11D0-8D11-00A0C91BC942}") = "GraphosMath", "GraphosMath\GraphosMath.vcxproj", "{BEACF9E7-DD71-4F5C-905A-36FCF4759399}"
EndProject
Project("{8BC9CEB8-8B4A-11D0-8D11-00A0C91BC942}") = "GraphosGraphics", "GraphosGraphics\GraphosGraphics.vcxproj", "{69F69B71-F075-4F99-9E20-B2381ED10EE5}"
EndProject
Project("{8BC9CEB8-8B4A-11D0-8D11-00A0C91BC942}") = "GraphosContent", "GraphosContent\GraphosContent.vcxproj", "{1EE828CC-4E0C-47AA-B551-D8E70FAB6BAC}"
EndProject
Project("{2150E333-8FDC-42A3-9474-1A3956D46DE8}") = "Resources", "Resources", "{31919205-7D63-4EC7-9E35-C1D44D3C2001}"
EndProject
Project("{2150E333-8FDC-42A3-9474-1A3956D46DE8}") = "Assets", "Assets", "{D6CE1092-AB11-4A2B-9FB6-A9564FB2540B}"
EndProject
Project("{2150E333-8FDC-42A3-9474-1A3956D46DE8}") = "Shaders", "Shaders", "{DD7EB8EC-7C48-4C23-8E49-F58EBB543DCA}"
	ProjectSection(SolutionItems) = preProject
		Resources\Shaders\color.fs.gl = Resources\Shaders\color.fs.gl
		Resources\Shaders\color.vs.gl = Resources\Shaders\color.vs.gl
		Resources\Shaders\light.fs.gl = Resources\Shaders\light.fs.gl
		Resources\Shaders\light.vs.gl = Resources\Shaders\light.vs.gl
		Resources\Shaders\texture.fs.gl = Resources\Shaders\texture.fs.gl
		Resources\Shaders\texture.vs.gl = Resources\Shaders\texture.vs.gl
	EndProjectSection
EndProject
Project("{2150E333-8FDC-42A3-9474-1A3956D46DE8}") = "Config", "Config", "{10BA1DB2-7366-4B9C-8E60-DC3607F25E97}"
	ProjectSection(SolutionItems) = preProject
		Resources\Config\Config.json = Resources\Config\Config.json
	EndProjectSection
EndProject
Project("{2150E333-8FDC-42A3-9474-1A3956D46DE8}") = "Global Headers", "Global Headers", "{EC22F2CB-CFAB-4606-97AC-091DB911534D}"
	ProjectSection(SolutionItems) = preProject
		External Dependencies\x86\include\GL\GLIncludes.h = External Dependencies\x86\include\GL\GLIncludes.h
		External Dependencies\x86\include\Helpers.h = External Dependencies\x86\include\Helpers.h
	EndProjectSection
EndProject
Project("{2150E333-8FDC-42A3-9474-1A3956D46DE8}") = "Meshes", "Meshes", "{0700A2AC-A74A-4F8F-B84F-7937B0BC7811}"
	ProjectSection(SolutionItems) = preProject
		Resources\Assets\Meshes\BlueWall.obj = Resources\Assets\Meshes\BlueWall.obj
		Resources\Assets\Meshes\Bumper.obj = Resources\Assets\Meshes\Bumper.obj
		Resources\Assets\Meshes\Cube.obj = Resources\Assets\Meshes\Cube.obj
		Resources\Assets\Meshes\Flipper.obj = Resources\Assets\Meshes\Flipper.obj
		Resources\Assets\Meshes\Plunger.obj = Resources\Assets\Meshes\Plunger.obj
		Resources\Assets\Meshes\Sphere.obj = Resources\Assets\Meshes\Sphere.obj
		Resources\Assets\Meshes\Table.obj = Resources\Assets\Meshes\Table.obj
		Resources\Assets\Meshes\WhiteWall.obj = Resources\Assets\Meshes\WhiteWall.obj
	EndProjectSection
EndProject
Project("{2150E333-8FDC-42A3-9474-1A3956D46DE8}") = "Objects", "Objects", "{8DF553C6-1D43-46F9-83B1-E27CB6C6EB40}"
	ProjectSection(SolutionItems) = preProject
		Resources\Assets\Objects\Ball.json = Resources\Assets\Objects\Ball.json
		Resources\Assets\Objects\Walls\BottomWallLeft.json = Resources\Assets\Objects\Walls\BottomWallLeft.json
		Resources\Assets\Objects\Walls\BottomWallRight.json = Resources\Assets\Objects\Walls\BottomWallRight.json
		Resources\Assets\Objects\Camera.json = Resources\Assets\Objects\Camera.json
		Resources\Assets\Objects\Walls\FlipperWallLeft1.json = Resources\Assets\Objects\Walls\FlipperWallLeft1.json
		Resources\Assets\Objects\Walls\FlipperWallLeft2.json = Resources\Assets\Objects\Walls\FlipperWallLeft2.json
		Resources\Assets\Objects\Walls\FlipperWallRight1.json = Resources\Assets\Objects\Walls\FlipperWallRight1.json
		Resources\Assets\Objects\Walls\FlipperWallRight2.json = Resources\Assets\Objects\Walls\FlipperWallRight2.json
		Resources\Assets\Objects\Walls\LaunchWall.json = Resources\Assets\Objects\Walls\LaunchWall.json
		Resources\Assets\Objects\LeftFlipper.json = Resources\Assets\Objects\LeftFlipper.json
		Resources\Assets\Objects\Walls\LowMidWall1.json = Resources\Assets\Objects\Walls\LowMidWall1.json
		Resources\Assets\Objects\Walls\LowMidWall2.json = Resources\Assets\Objects\Walls\LowMidWall2.json
		Resources\Assets\Objects\Walls\LowMidWall3.json = Resources\Assets\Objects\Walls\LowMidWall3.json
		Resources\Assets\Objects\Walls\MidWallLeft.json = Resources\Assets\Objects\Walls\MidWallLeft.json
		Resources\Assets\Objects\Walls\MidWallMiddle.json = Resources\Assets\Objects\Walls\MidWallMiddle.json
		Resources\Assets\Objects\Walls\MidWallRight.json = Resources\Assets\Objects\Walls\MidWallRight.json
		Resources\Assets\Objects\Walls\OuterWallBottom.json = Resources\Assets\Objects\Walls\OuterWallBottom.json
		Resources\Assets\Objects\Walls\OuterWallLeft.json = Resources\Assets\Objects\Walls\OuterWallLeft.json
		Resources\Assets\Objects\Walls\OuterWallRight.json = Resources\Assets\Objects\Walls\OuterWallRight.json
		Resources\Assets\Objects\Walls\OuterWallTop.json = Resources\Assets\Objects\Walls\OuterWallTop.json
		Resources\Assets\Objects\Plunger.json = Resources\Assets\Objects\Plunger.json
		Resources\Assets\Objects\RightFlipper.json = Resources\Assets\Objects\RightFlipper.json
		Resources\Assets\Objects\Table.json = Resources\Assets\Objects\Table.json
		Resources\Assets\Objects\Walls\TopWallLeft.json = Resources\Assets\Objects\Walls\TopWallLeft.json
		Resources\Assets\Objects\Walls\TopWallLeft2.json = Resources\Assets\Objects\Walls\TopWallLeft2.json
		Resources\Assets\Objects\TopWallLeft3.json = Resources\Assets\Objects\TopWallLeft3.json
		Resources\Assets\Objects\Walls\TopWallRight.json = Resources\Assets\Objects\Walls\TopWallRight.json
	EndProjectSection
EndProject
Project("{2150E333-8FDC-42A3-9474-1A3956D46DE8}") = "Textures", "Textures", "{384A3782-A735-4BD5-B272-62E82F285E7B}"
	ProjectSection(SolutionItems) = preProject
		Resources\Assets\Textures\Blue.png = Resources\Assets\Textures\Blue.png
		Resources\Assets\Textures\FlipperTexture.png = Resources\Assets\Textures\FlipperTexture.png
		Resources\Assets\Textures\Poop.png = Resources\Assets\Textures\Poop.png
		Resources\Assets\Textures\Red.png = Resources\Assets\Textures\Red.png
		Resources\Assets\Textures\White.png = Resources\Assets\Textures\White.png
	EndProjectSection
EndProject
Project("{FAE04EC0-301F-11D3-BF4B-00C04F79EFBC}") = "GameScripts", "GameScripts\GameScripts.csproj", "{E207B80E-7051-40C2-BCE1-43891B38058C}"
EndProject
Project("{2150E333-8FDC-42A3-9474-1A3956D46DE8}") = "UIs", "UIs", "{287054AC-BB72-4B8A-B675-F2604FBF0A54}"
	ProjectSection(SolutionItems) = preProject
		Resources\UIs\index.html = Resources\UIs\index.html
	EndProjectSection
EndProject
Project("{2150E333-8FDC-42A3-9474-1A3956D46DE8}") = "Objects.old", "Objects.old", "{20A57187-3B47-4BD5-9FC0-05B33BC82572}"
	ProjectSection(SolutionItems) = preProject
		Resources\Assets\Objects.old\LeftCube.json = Resources\Assets\Objects.old\LeftCube.json
		Resources\Assets\Objects.old\RightCube.json = Resources\Assets\Objects.old\RightCube.json
	EndProjectSection
EndProject
Global
	GlobalSection(SolutionConfigurationPlatforms) = preSolution
		Debug|Any CPU = Debug|Any CPU
		Debug|Mixed Platforms = Debug|Mixed Platforms
		Debug|Win32 = Debug|Win32
		Release|Any CPU = Release|Any CPU
		Release|Mixed Platforms = Release|Mixed Platforms
		Release|Win32 = Release|Win32
	EndGlobalSection
	GlobalSection(ProjectConfigurationPlatforms) = postSolution
		{7EEC6355-71B3-44EF-967C-44BF6A517ADC}.Debug|Any CPU.ActiveCfg = Debug|Win32
		{7EEC6355-71B3-44EF-967C-44BF6A517ADC}.Debug|Mixed Platforms.ActiveCfg = Debug|Win32
		{7EEC6355-71B3-44EF-967C-44BF6A517ADC}.Debug|Mixed Platforms.Build.0 = Debug|Win32
		{7EEC6355-71B3-44EF-967C-44BF6A517ADC}.Debug|Win32.ActiveCfg = Debug|Win32
		{7EEC6355-71B3-44EF-967C-44BF6A517ADC}.Debug|Win32.Build.0 = Debug|Win32
		{7EEC6355-71B3-44EF-967C-44BF6A517ADC}.Release|Any CPU.ActiveCfg = Release|Win32
		{7EEC6355-71B3-44EF-967C-44BF6A517ADC}.Release|Mixed Platforms.ActiveCfg = Release|Win32
		{7EEC6355-71B3-44EF-967C-44BF6A517ADC}.Release|Mixed Platforms.Build.0 = Release|Win32
		{7EEC6355-71B3-44EF-967C-44BF6A517ADC}.Release|Win32.ActiveCfg = Release|Win32
		{7EEC6355-71B3-44EF-967C-44BF6A517ADC}.Release|Win32.Build.0 = Release|Win32
		{BEACF9E7-DD71-4F5C-905A-36FCF4759399}.Debug|Any CPU.ActiveCfg = Debug|Win32
		{BEACF9E7-DD71-4F5C-905A-36FCF4759399}.Debug|Mixed Platforms.ActiveCfg = Debug|Win32
		{BEACF9E7-DD71-4F5C-905A-36FCF4759399}.Debug|Mixed Platforms.Build.0 = Debug|Win32
		{BEACF9E7-DD71-4F5C-905A-36FCF4759399}.Debug|Win32.ActiveCfg = Debug|Win32
		{BEACF9E7-DD71-4F5C-905A-36FCF4759399}.Debug|Win32.Build.0 = Debug|Win32
		{BEACF9E7-DD71-4F5C-905A-36FCF4759399}.Release|Any CPU.ActiveCfg = Release|Win32
		{BEACF9E7-DD71-4F5C-905A-36FCF4759399}.Release|Mixed Platforms.ActiveCfg = Release|Win32
		{BEACF9E7-DD71-4F5C-905A-36FCF4759399}.Release|Mixed Platforms.Build.0 = Release|Win32
		{BEACF9E7-DD71-4F5C-905A-36FCF4759399}.Release|Win32.ActiveCfg = Release|Win32
		{BEACF9E7-DD71-4F5C-905A-36FCF4759399}.Release|Win32.Build.0 = Release|Win32
		{69F69B71-F075-4F99-9E20-B2381ED10EE5}.Debug|Any CPU.ActiveCfg = Debug|Win32
		{69F69B71-F075-4F99-9E20-B2381ED10EE5}.Debug|Mixed Platforms.ActiveCfg = Debug|Win32
		{69F69B71-F075-4F99-9E20-B2381ED10EE5}.Debug|Mixed Platforms.Build.0 = Debug|Win32
		{69F69B71-F075-4F99-9E20-B2381ED10EE5}.Debug|Win32.ActiveCfg = Debug|Win32
		{69F69B71-F075-4F99-9E20-B2381ED10EE5}.Debug|Win32.Build.0 = Debug|Win32
		{69F69B71-F075-4F99-9E20-B2381ED10EE5}.Release|Any CPU.ActiveCfg = Release|Win32
		{69F69B71-F075-4F99-9E20-B2381ED10EE5}.Release|Mixed Platforms.ActiveCfg = Release|Win32
		{69F69B71-F075-4F99-9E20-B2381ED10EE5}.Release|Mixed Platforms.Build.0 = Release|Win32
		{69F69B71-F075-4F99-9E20-B2381ED10EE5}.Release|Win32.ActiveCfg = Release|Win32
		{69F69B71-F075-4F99-9E20-B2381ED10EE5}.Release|Win32.Build.0 = Release|Win32
		{1EE828CC-4E0C-47AA-B551-D8E70FAB6BAC}.Debug|Any CPU.ActiveCfg = Debug|Win32
		{1EE828CC-4E0C-47AA-B551-D8E70FAB6BAC}.Debug|Mixed Platforms.ActiveCfg = Debug|Win32
		{1EE828CC-4E0C-47AA-B551-D8E70FAB6BAC}.Debug|Mixed Platforms.Build.0 = Debug|Win32
		{1EE828CC-4E0C-47AA-B551-D8E70FAB6BAC}.Debug|Win32.ActiveCfg = Debug|Win32
		{1EE828CC-4E0C-47AA-B551-D8E70FAB6BAC}.Debug|Win32.Build.0 = Debug|Win32
		{1EE828CC-4E0C-47AA-B551-D8E70FAB6BAC}.Release|Any CPU.ActiveCfg = Release|Win32
		{1EE828CC-4E0C-47AA-B551-D8E70FAB6BAC}.Release|Mixed Platforms.ActiveCfg = Release|Win32
		{1EE828CC-4E0C-47AA-B551-D8E70FAB6BAC}.Release|Mixed Platforms.Build.0 = Release|Win32
		{1EE828CC-4E0C-47AA-B551-D8E70FAB6BAC}.Release|Win32.ActiveCfg = Release|Win32
		{1EE828CC-4E0C-47AA-B551-D8E70FAB6BAC}.Release|Win32.Build.0 = Release|Win32
		{E207B80E-7051-40C2-BCE1-43891B38058C}.Debug|Any CPU.ActiveCfg = Debug|Any CPU
		{E207B80E-7051-40C2-BCE1-43891B38058C}.Debug|Any CPU.Build.0 = Debug|Any CPU
		{E207B80E-7051-40C2-BCE1-43891B38058C}.Debug|Mixed Platforms.ActiveCfg = Debug|Any CPU
		{E207B80E-7051-40C2-BCE1-43891B38058C}.Debug|Mixed Platforms.Build.0 = Debug|Any CPU
		{E207B80E-7051-40C2-BCE1-43891B38058C}.Debug|Win32.ActiveCfg = Debug|Any CPU
		{E207B80E-7051-40C2-BCE1-43891B38058C}.Release|Any CPU.ActiveCfg = Release|Any CPU
		{E207B80E-7051-40C2-BCE1-43891B38058C}.Release|Any CPU.Build.0 = Release|Any CPU
		{E207B80E-7051-40C2-BCE1-43891B38058C}.Release|Mixed Platforms.ActiveCfg = Release|Any CPU
		{E207B80E-7051-40C2-BCE1-43891B38058C}.Release|Mixed Platforms.Build.0 = Release|Any CPU
		{E207B80E-7051-40C2-BCE1-43891B38058C}.Release|Win32.ActiveCfg = Release|Any CPU
	EndGlobalSection
	GlobalSection(SolutionProperties) = preSolution
		HideSolutionNode = FALSE
	EndGlobalSection
	GlobalSection(NestedProjects) = preSolution
		{D6CE1092-AB11-4A2B-9FB6-A9564FB2540B} = {31919205-7D63-4EC7-9E35-C1D44D3C2001}
		{DD7EB8EC-7C48-4C23-8E49-F58EBB543DCA} = {31919205-7D63-4EC7-9E35-C1D44D3C2001}
		{10BA1DB2-7366-4B9C-8E60-DC3607F25E97} = {31919205-7D63-4EC7-9E35-C1D44D3C2001}
		{287054AC-BB72-4B8A-B675-F2604FBF0A54} = {31919205-7D63-4EC7-9E35-C1D44D3C2001}
		{0700A2AC-A74A-4F8F-B84F-7937B0BC7811} = {D6CE1092-AB11-4A2B-9FB6-A9564FB2540B}
		{8DF553C6-1D43-46F9-83B1-E27CB6C6EB40} = {D6CE1092-AB11-4A2B-9FB6-A9564FB2540B}
		{384A3782-A735-4BD5-B272-62E82F285E7B} = {D6CE1092-AB11-4A2B-9FB6-A9564FB2540B}
		{20A57187-3B47-4BD5-9FC0-05B33BC82572} = {D6CE1092-AB11-4A2B-9FB6-A9564FB2540B}
	EndGlobalSection
EndGlobal
