
Microsoft Visual Studio Solution File, Format Version 11.00
# Visual Studio 2010
Project("{8BC9CEB8-8B4A-11D0-8D11-00A0C91BC942}") = "Graphos", "Graphos\Graphos.vcxproj", "{7EEC6355-71B3-44EF-967C-44BF6A517ADC}"
EndProject
Project("{8BC9CEB8-8B4A-11D0-8D11-00A0C91BC942}") = "GraphosMath", "GraphosMath\GraphosMath.vcxproj", "{BEACF9E7-DD71-4F5C-905A-36FCF4759399}"
EndProject
Project("{8BC9CEB8-8B4A-11D0-8D11-00A0C91BC942}") = "GraphosGraphics", "GraphosGraphics\GraphosGraphics.vcxproj", "{69F69B71-F075-4F99-9E20-B2381ED10EE5}"
EndProject
Project("{8BC9CEB8-8B4A-11D0-8D11-00A0C91BC942}") = "GraphosContent", "GraphosContent\GraphosContent.vcxproj", "{1EE828CC-4E0C-47AA-B551-D8E70FAB6BAC}"
EndProject
Project("{2150E333-8FDC-42A3-9474-1A3956D46DE8}") = "Resources", "Resources", "{31919205-7D63-4EC7-9E35-C1D44D3C2001}"
EndProject
Project("{2150E333-8FDC-42A3-9474-1A3956D46DE8}") = "Assets", "Assets", "{D6CE1092-AB11-4A2B-9FB6-A9564FB2540B}"
	ProjectSection(SolutionItems) = preProject
		Resources\Assets\Cube.obj = Resources\Assets\Cube.obj
	EndProjectSection
EndProject
Project("{2150E333-8FDC-42A3-9474-1A3956D46DE8}") = "Shaders", "Shaders", "{DD7EB8EC-7C48-4C23-8E49-F58EBB543DCA}"
	ProjectSection(SolutionItems) = preProject
		Resources\Shaders\color.fs.sl = Resources\Shaders\color.fs.sl
		Resources\Shaders\color.vs.sl = Resources\Shaders\color.vs.sl
		Resources\Shaders\light.fs.sl = Resources\Shaders\light.fs.sl
		Resources\Shaders\light.vs.sl = Resources\Shaders\light.vs.sl
		Resources\Shaders\texture.fs.sl = Resources\Shaders\texture.fs.sl
		Resources\Shaders\texture.vs.sl = Resources\Shaders\texture.vs.sl
	EndProjectSection
EndProject
Project("{2150E333-8FDC-42A3-9474-1A3956D46DE8}") = "Config", "Config", "{10BA1DB2-7366-4B9C-8E60-DC3607F25E97}"
	ProjectSection(SolutionItems) = preProject
		Resources\Config\Config.json = Resources\Config\Config.json
	EndProjectSection
EndProject
Project("{2150E333-8FDC-42A3-9474-1A3956D46DE8}") = "Global Headers", "Global Headers", "{EC22F2CB-CFAB-4606-97AC-091DB911534D}"
	ProjectSection(SolutionItems) = preProject
		GL\x86\include\GL\GLIncludes.h = GL\x86\include\GL\GLIncludes.h
		GL\x86\include\Helpers.h = GL\x86\include\Helpers.h
	EndProjectSection
EndProject
Global
	GlobalSection(SolutionConfigurationPlatforms) = preSolution
		Debug|Win32 = Debug|Win32
		Release|Win32 = Release|Win32
	EndGlobalSection
	GlobalSection(ProjectConfigurationPlatforms) = postSolution
		{7EEC6355-71B3-44EF-967C-44BF6A517ADC}.Debug|Win32.ActiveCfg = Debug|Win32
		{7EEC6355-71B3-44EF-967C-44BF6A517ADC}.Debug|Win32.Build.0 = Debug|Win32
		{7EEC6355-71B3-44EF-967C-44BF6A517ADC}.Release|Win32.ActiveCfg = Release|Win32
		{7EEC6355-71B3-44EF-967C-44BF6A517ADC}.Release|Win32.Build.0 = Release|Win32
		{BEACF9E7-DD71-4F5C-905A-36FCF4759399}.Debug|Win32.ActiveCfg = Debug|Win32
		{BEACF9E7-DD71-4F5C-905A-36FCF4759399}.Debug|Win32.Build.0 = Debug|Win32
		{BEACF9E7-DD71-4F5C-905A-36FCF4759399}.Release|Win32.ActiveCfg = Release|Win32
		{BEACF9E7-DD71-4F5C-905A-36FCF4759399}.Release|Win32.Build.0 = Release|Win32
		{69F69B71-F075-4F99-9E20-B2381ED10EE5}.Debug|Win32.ActiveCfg = Debug|Win32
		{69F69B71-F075-4F99-9E20-B2381ED10EE5}.Debug|Win32.Build.0 = Debug|Win32
		{69F69B71-F075-4F99-9E20-B2381ED10EE5}.Release|Win32.ActiveCfg = Release|Win32
		{69F69B71-F075-4F99-9E20-B2381ED10EE5}.Release|Win32.Build.0 = Release|Win32
		{1EE828CC-4E0C-47AA-B551-D8E70FAB6BAC}.Debug|Win32.ActiveCfg = Debug|Win32
		{1EE828CC-4E0C-47AA-B551-D8E70FAB6BAC}.Debug|Win32.Build.0 = Debug|Win32
		{1EE828CC-4E0C-47AA-B551-D8E70FAB6BAC}.Release|Win32.ActiveCfg = Release|Win32
		{1EE828CC-4E0C-47AA-B551-D8E70FAB6BAC}.Release|Win32.Build.0 = Release|Win32
	EndGlobalSection
	GlobalSection(SolutionProperties) = preSolution
		HideSolutionNode = FALSE
	EndGlobalSection
	GlobalSection(NestedProjects) = preSolution
		{D6CE1092-AB11-4A2B-9FB6-A9564FB2540B} = {31919205-7D63-4EC7-9E35-C1D44D3C2001}
		{DD7EB8EC-7C48-4C23-8E49-F58EBB543DCA} = {31919205-7D63-4EC7-9E35-C1D44D3C2001}
		{10BA1DB2-7366-4B9C-8E60-DC3607F25E97} = {31919205-7D63-4EC7-9E35-C1D44D3C2001}
	EndGlobalSection
EndGlobal
